
Microsoft Visual Studio Solution File, Format Version 12.00
# Visual Studio Version 17
VisualStudioVersion = 17.0.31903.59
MinimumVisualStudioVersion = 10.0.40219.1
Project("{FAE04EC0-301F-11D3-BF4B-00C04F79EFBC}") = "Ejercicio1", "Ejercicio1\Ejercicio1.csproj", "{D485DC56-4909-4E6E-846D-F0B753B7F142}"
EndProject
Project("{FAE04EC0-301F-11D3-BF4B-00C04F79EFBC}") = "Ejercicio2", "..\Ejercicio2\Ejercicio2.csproj", "{CE586A02-665B-43E2-820D-1F99F59F711C}"
EndProject
Project("{FAE04EC0-301F-11D3-BF4B-00C04F79EFBC}") = "Ejercicio41", "..\Ejercicio41\Ejercicio41.csproj", "{36AAAA9C-776E-4FA9-89EF-4A2006C3CCDC}"
EndProject
Project("{FAE04EC0-301F-11D3-BF4B-00C04F79EFBC}") = "Ejercicio42", "..\Ejercicio42\Ejercicio42.csproj", "{5C52AB1D-DD33-4093-9E51-425588880A00}"
EndProject
Project("{FAE04EC0-301F-11D3-BF4B-00C04F79EFBC}") = "Ejercicio29", "..\Ejercicio29\Ejercicio29.csproj", "{3C0BBB40-54B6-4399-A9F0-067A0838AE66}"
EndProject
Project("{FAE04EC0-301F-11D3-BF4B-00C04F79EFBC}") = "Ejercicio4", "Ejercicio4\Ejercicio4.csproj", "{9892D2F5-D9E3-4939-941E-4343607A9F21}"
EndProject
Global
	GlobalSection(SolutionConfigurationPlatforms) = preSolution
		Debug|Any CPU = Debug|Any CPU
		Release|Any CPU = Release|Any CPU
	EndGlobalSection
	GlobalSection(SolutionProperties) = preSolution
		HideSolutionNode = FALSE
	EndGlobalSection
	GlobalSection(ProjectConfigurationPlatforms) = postSolution
		{D485DC56-4909-4E6E-846D-F0B753B7F142}.Debug|Any CPU.ActiveCfg = Debug|Any CPU
		{D485DC56-4909-4E6E-846D-F0B753B7F142}.Debug|Any CPU.Build.0 = Debug|Any CPU
		{D485DC56-4909-4E6E-846D-F0B753B7F142}.Release|Any CPU.ActiveCfg = Release|Any CPU
		{D485DC56-4909-4E6E-846D-F0B753B7F142}.Release|Any CPU.Build.0 = Release|Any CPU
		{CE586A02-665B-43E2-820D-1F99F59F711C}.Debug|Any CPU.ActiveCfg = Debug|Any CPU
		{CE586A02-665B-43E2-820D-1F99F59F711C}.Debug|Any CPU.Build.0 = Debug|Any CPU
		{CE586A02-665B-43E2-820D-1F99F59F711C}.Release|Any CPU.ActiveCfg = Release|Any CPU
		{CE586A02-665B-43E2-820D-1F99F59F711C}.Release|Any CPU.Build.0 = Release|Any CPU
		{36AAAA9C-776E-4FA9-89EF-4A2006C3CCDC}.Debug|Any CPU.ActiveCfg = Debug|Any CPU
		{36AAAA9C-776E-4FA9-89EF-4A2006C3CCDC}.Debug|Any CPU.Build.0 = Debug|Any CPU
		{36AAAA9C-776E-4FA9-89EF-4A2006C3CCDC}.Release|Any CPU.ActiveCfg = Release|Any CPU
		{36AAAA9C-776E-4FA9-89EF-4A2006C3CCDC}.Release|Any CPU.Build.0 = Release|Any CPU
		{5C52AB1D-DD33-4093-9E51-425588880A00}.Debug|Any CPU.ActiveCfg = Debug|Any CPU
		{5C52AB1D-DD33-4093-9E51-425588880A00}.Debug|Any CPU.Build.0 = Debug|Any CPU
		{5C52AB1D-DD33-4093-9E51-425588880A00}.Release|Any CPU.ActiveCfg = Release|Any CPU
		{5C52AB1D-DD33-4093-9E51-425588880A00}.Release|Any CPU.Build.0 = Release|Any CPU
		{3C0BBB40-54B6-4399-A9F0-067A0838AE66}.Debug|Any CPU.ActiveCfg = Debug|Any CPU
		{3C0BBB40-54B6-4399-A9F0-067A0838AE66}.Debug|Any CPU.Build.0 = Debug|Any CPU
		{3C0BBB40-54B6-4399-A9F0-067A0838AE66}.Release|Any CPU.ActiveCfg = Release|Any CPU
		{3C0BBB40-54B6-4399-A9F0-067A0838AE66}.Release|Any CPU.Build.0 = Release|Any CPU
		{9892D2F5-D9E3-4939-941E-4343607A9F21}.Debug|Any CPU.ActiveCfg = Debug|Any CPU
		{9892D2F5-D9E3-4939-941E-4343607A9F21}.Debug|Any CPU.Build.0 = Debug|Any CPU
		{9892D2F5-D9E3-4939-941E-4343607A9F21}.Release|Any CPU.ActiveCfg = Release|Any CPU
		{9892D2F5-D9E3-4939-941E-4343607A9F21}.Release|Any CPU.Build.0 = Release|Any CPU
	EndGlobalSection
EndGlobal
